
Microsoft Visual Studio Solution File, Format Version 12.00
# Visual Studio Version 17
VisualStudioVersion = 17.14.37027.9
MinimumVisualStudioVersion = 10.0.40219.1
Project("{FAE04EC0-301F-11D3-BF4B-00C04F79EFBC}") = "gzUseControl.api", "gzUseControl.api\gzUseControl.api.csproj", "{5FDF99DE-85D8-4FC7-86A2-7CE33B0C6E57}"
EndProject
Project("{FAE04EC0-301F-11D3-BF4B-00C04F79EFBC}") = "gearzone.domains", "gearzone.domains\gearzone.domains.csproj", "{A58364C0-A3A9-4DF8-87EF-9849BE39C7A3}"
EndProject
Project("{FAE04EC0-301F-11D3-BF4B-00C04F79EFBC}") = "gearzone.dataaccess", "gearzone.dataaccess\gearzone.dataaccess.csproj", "{FC732792-22F3-4D48-B1AC-5BF0038FCA32}"
EndProject
Project("{FAE04EC0-301F-11D3-BF4B-00C04F79EFBC}") = "gearzone.businesslogic", "gearzone.businesslogic\gearzone.businesslogic.csproj", "{EAB3EB07-C506-4B72-990E-5CEC7B465B4B}"
EndProject
Global
	GlobalSection(SolutionConfigurationPlatforms) = preSolution
		Debug|Any CPU = Debug|Any CPU
		Release|Any CPU = Release|Any CPU
	EndGlobalSection
	GlobalSection(ProjectConfigurationPlatforms) = postSolution
		{5FDF99DE-85D8-4FC7-86A2-7CE33B0C6E57}.Debug|Any CPU.ActiveCfg = Debug|Any CPU
		{5FDF99DE-85D8-4FC7-86A2-7CE33B0C6E57}.Debug|Any CPU.Build.0 = Debug|Any CPU
		{5FDF99DE-85D8-4FC7-86A2-7CE33B0C6E57}.Release|Any CPU.ActiveCfg = Release|Any CPU
		{5FDF99DE-85D8-4FC7-86A2-7CE33B0C6E57}.Release|Any CPU.Build.0 = Release|Any CPU
		{A58364C0-A3A9-4DF8-87EF-9849BE39C7A3}.Debug|Any CPU.ActiveCfg = Debug|Any CPU
		{A58364C0-A3A9-4DF8-87EF-9849BE39C7A3}.Debug|Any CPU.Build.0 = Debug|Any CPU
		{A58364C0-A3A9-4DF8-87EF-9849BE39C7A3}.Release|Any CPU.ActiveCfg = Release|Any CPU
		{A58364C0-A3A9-4DF8-87EF-9849BE39C7A3}.Release|Any CPU.Build.0 = Release|Any CPU
		{FC732792-22F3-4D48-B1AC-5BF0038FCA32}.Debug|Any CPU.ActiveCfg = Debug|Any CPU
		{FC732792-22F3-4D48-B1AC-5BF0038FCA32}.Debug|Any CPU.Build.0 = Debug|Any CPU
		{FC732792-22F3-4D48-B1AC-5BF0038FCA32}.Release|Any CPU.ActiveCfg = Release|Any CPU
		{FC732792-22F3-4D48-B1AC-5BF0038FCA32}.Release|Any CPU.Build.0 = Release|Any CPU
		{EAB3EB07-C506-4B72-990E-5CEC7B465B4B}.Debug|Any CPU.ActiveCfg = Debug|Any CPU
		{EAB3EB07-C506-4B72-990E-5CEC7B465B4B}.Debug|Any CPU.Build.0 = Debug|Any CPU
		{EAB3EB07-C506-4B72-990E-5CEC7B465B4B}.Release|Any CPU.ActiveCfg = Release|Any CPU
		{EAB3EB07-C506-4B72-990E-5CEC7B465B4B}.Release|Any CPU.Build.0 = Release|Any CPU
	EndGlobalSection
	GlobalSection(SolutionProperties) = preSolution
		HideSolutionNode = FALSE
	EndGlobalSection
	GlobalSection(ExtensibilityGlobals) = postSolution
		SolutionGuid = {DBB8CC7C-3865-4D29-B686-9C1FDD77A7EE}
	EndGlobalSection
EndGlobal
